
Microsoft Visual Studio Solution File, Format Version 12.00
# Visual Studio Version 16
VisualStudioVersion = 16.0.30413.136
MinimumVisualStudioVersion = 10.0.40219.1
Project("{FAE04EC0-301F-11D3-BF4B-00C04F79EFBC}") = "minesweeper", "minesweeper\minesweeper.csproj", "{CCC64EB7-8640-4319-8C81-57E13BA18CC6}"
EndProject
Global
	GlobalSection(SolutionConfigurationPlatforms) = preSolution
		Debug|Any CPU = Debug|Any CPU
		Release|Any CPU = Release|Any CPU
	EndGlobalSection
	GlobalSection(ProjectConfigurationPlatforms) = postSolution
		{CCC64EB7-8640-4319-8C81-57E13BA18CC6}.Debug|Any CPU.ActiveCfg = Debug|Any CPU
		{CCC64EB7-8640-4319-8C81-57E13BA18CC6}.Debug|Any CPU.Build.0 = Debug|Any CPU
		{CCC64EB7-8640-4319-8C81-57E13BA18CC6}.Release|Any CPU.ActiveCfg = Release|Any CPU
		{CCC64EB7-8640-4319-8C81-57E13BA18CC6}.Release|Any CPU.Build.0 = Release|Any CPU
	EndGlobalSection
	GlobalSection(SolutionProperties) = preSolution
		HideSolutionNode = FALSE
	EndGlobalSection
	GlobalSection(ExtensibilityGlobals) = postSolution
		SolutionGuid = {25550E3D-4E85-444B-A161-0386EF3864A8}
	EndGlobalSection
EndGlobal
